// !$*UTF8*$!
{
	archiveVersion = 1;
	classes = {
	};
	objectVersion = 50;
	objects = {

/* Begin PBXBuildFile section */
		391BFE1F20C68AD100B4EFEC /* AppDelegate.swift in Sources */ = {isa = PBXBuildFile; fileRef = 391BFE1E20C68AD100B4EFEC /* AppDelegate.swift */; };
		391BFE2120C68AD100B4EFEC /* ViewController.swift in Sources */ = {isa = PBXBuildFile; fileRef = 391BFE2020C68AD100B4EFEC /* ViewController.swift */; };
		391BFE2420C68AD100B4EFEC /* Matrix.xcdatamodeld in Sources */ = {isa = PBXBuildFile; fileRef = 391BFE2220C68AD100B4EFEC /* Matrix.xcdatamodeld */; };
		391BFE2620C68AD200B4EFEC /* Assets.xcassets in Resources */ = {isa = PBXBuildFile; fileRef = 391BFE2520C68AD200B4EFEC /* Assets.xcassets */; };
		391BFE2920C68AD200B4EFEC /* Main.storyboard in Resources */ = {isa = PBXBuildFile; fileRef = 391BFE2720C68AD200B4EFEC /* Main.storyboard */; };
		391BFE3520C68AD200B4EFEC /* MatrixTests.swift in Sources */ = {isa = PBXBuildFile; fileRef = 391BFE3420C68AD200B4EFEC /* MatrixTests.swift */; };
		391BFE4020C68AD200B4EFEC /* MatrixUITests.swift in Sources */ = {isa = PBXBuildFile; fileRef = 391BFE3F20C68AD200B4EFEC /* MatrixUITests.swift */; };
/* End PBXBuildFile section */

/* Begin PBXContainerItemProxy section */
		391BFE3120C68AD200B4EFEC /* PBXContainerItemProxy */ = {
			isa = PBXContainerItemProxy;
			containerPortal = 391BFE1320C68AD100B4EFEC /* Project object */;
			proxyType = 1;
			remoteGlobalIDString = 391BFE1A20C68AD100B4EFEC;
			remoteInfo = Matrix;
		};
		391BFE3C20C68AD200B4EFEC /* PBXContainerItemProxy */ = {
			isa = PBXContainerItemProxy;
			containerPortal = 391BFE1320C68AD100B4EFEC /* Project object */;
			proxyType = 1;
			remoteGlobalIDString = 391BFE1A20C68AD100B4EFEC;
			remoteInfo = Matrix;
		};
/* End PBXContainerItemProxy section */

/* Begin PBXFileReference section */
		391BFE1B20C68AD100B4EFEC /* Matrix.app */ = {isa = PBXFileReference; explicitFileType = wrapper.application; includeInIndex = 0; path = Matrix.app; sourceTree = BUILT_PRODUCTS_DIR; };
		391BFE1E20C68AD100B4EFEC /* AppDelegate.swift */ = {isa = PBXFileReference; lastKnownFileType = sourcecode.swift; path = AppDelegate.swift; sourceTree = "<group>"; };
		391BFE2020C68AD100B4EFEC /* ViewController.swift */ = {isa = PBXFileReference; lastKnownFileType = sourcecode.swift; path = ViewController.swift; sourceTree = "<group>"; };
		391BFE2320C68AD100B4EFEC /* Matrix.xcdatamodel */ = {isa = PBXFileReference; lastKnownFileType = wrapper.xcdatamodel; path = Matrix.xcdatamodel; sourceTree = "<group>"; };
		391BFE2520C68AD200B4EFEC /* Assets.xcassets */ = {isa = PBXFileReference; lastKnownFileType = folder.assetcatalog; path = Assets.xcassets; sourceTree = "<group>"; };
		391BFE2820C68AD200B4EFEC /* Base */ = {isa = PBXFileReference; lastKnownFileType = file.storyboard; name = Base; path = Base.lproj/Main.storyboard; sourceTree = "<group>"; };
		391BFE2A20C68AD200B4EFEC /* Info.plist */ = {isa = PBXFileReference; lastKnownFileType = text.plist.xml; path = Info.plist; sourceTree = "<group>"; };
		391BFE2B20C68AD200B4EFEC /* Matrix.entitlements */ = {isa = PBXFileReference; lastKnownFileType = text.plist.entitlements; path = Matrix.entitlements; sourceTree = "<group>"; };
		391BFE3020C68AD200B4EFEC /* MatrixTests.xctest */ = {isa = PBXFileReference; explicitFileType = wrapper.cfbundle; includeInIndex = 0; path = MatrixTests.xctest; sourceTree = BUILT_PRODUCTS_DIR; };
		391BFE3420C68AD200B4EFEC /* MatrixTests.swift */ = {isa = PBXFileReference; lastKnownFileType = sourcecode.swift; path = MatrixTests.swift; sourceTree = "<group>"; };
		391BFE3620C68AD200B4EFEC /* Info.plist */ = {isa = PBXFileReference; lastKnownFileType = text.plist.xml; path = Info.plist; sourceTree = "<group>"; };
		391BFE3B20C68AD200B4EFEC /* MatrixUITests.xctest */ = {isa = PBXFileReference; explicitFileType = wrapper.cfbundle; includeInIndex = 0; path = MatrixUITests.xctest; sourceTree = BUILT_PRODUCTS_DIR; };
		391BFE3F20C68AD200B4EFEC /* MatrixUITests.swift */ = {isa = PBXFileReference; lastKnownFileType = sourcecode.swift; path = MatrixUITests.swift; sourceTree = "<group>"; };
		391BFE4120C68AD200B4EFEC /* Info.plist */ = {isa = PBXFileReference; lastKnownFileType = text.plist.xml; path = Info.plist; sourceTree = "<group>"; };
/* End PBXFileReference section */

/* Begin PBXFrameworksBuildPhase section */
		391BFE1820C68AD100B4EFEC /* Frameworks */ = {
			isa = PBXFrameworksBuildPhase;
			buildActionMask = 2147483647;
			files = (
			);
			runOnlyForDeploymentPostprocessing = 0;
		};
		391BFE2D20C68AD200B4EFEC /* Frameworks */ = {
			isa = PBXFrameworksBuildPhase;
			buildActionMask = 2147483647;
			files = (
			);
			runOnlyForDeploymentPostprocessing = 0;
		};
		391BFE3820C68AD200B4EFEC /* Frameworks */ = {
			isa = PBXFrameworksBuildPhase;
			buildActionMask = 2147483647;
			files = (
			);
			runOnlyForDeploymentPostprocessing = 0;
		};
/* End PBXFrameworksBuildPhase section */

/* Begin PBXGroup section */
		391BFE1220C68AD100B4EFEC = {
			isa = PBXGroup;
			children = (
				391BFE1D20C68AD100B4EFEC /* Matrix */,
				391BFE3320C68AD200B4EFEC /* MatrixTests */,
				391BFE3E20C68AD200B4EFEC /* MatrixUITests */,
				391BFE1C20C68AD100B4EFEC /* Products */,
			);
			sourceTree = "<group>";
		};
		391BFE1C20C68AD100B4EFEC /* Products */ = {
			isa = PBXGroup;
			children = (
				391BFE1B20C68AD100B4EFEC /* Matrix.app */,
				391BFE3020C68AD200B4EFEC /* MatrixTests.xctest */,
				391BFE3B20C68AD200B4EFEC /* MatrixUITests.xctest */,
			);
			name = Products;
			sourceTree = "<group>";
		};
		391BFE1D20C68AD100B4EFEC /* Matrix */ = {
			isa = PBXGroup;
			children = (
				391BFE1E20C68AD100B4EFEC /* AppDelegate.swift */,
				391BFE2020C68AD100B4EFEC /* ViewController.swift */,
				391BFE2520C68AD200B4EFEC /* Assets.xcassets */,
				391BFE2720C68AD200B4EFEC /* Main.storyboard */,
				391BFE2A20C68AD200B4EFEC /* Info.plist */,
				391BFE2B20C68AD200B4EFEC /* Matrix.entitlements */,
				391BFE2220C68AD100B4EFEC /* Matrix.xcdatamodeld */,
			);
			path = Matrix;
			sourceTree = "<group>";
		};
		391BFE3320C68AD200B4EFEC /* MatrixTests */ = {
			isa = PBXGroup;
			children = (
				391BFE3420C68AD200B4EFEC /* MatrixTests.swift */,
				391BFE3620C68AD200B4EFEC /* Info.plist */,
			);
			path = MatrixTests;
			sourceTree = "<group>";
		};
		391BFE3E20C68AD200B4EFEC /* MatrixUITests */ = {
			isa = PBXGroup;
			children = (
				391BFE3F20C68AD200B4EFEC /* MatrixUITests.swift */,
				391BFE4120C68AD200B4EFEC /* Info.plist */,
			);
			path = MatrixUITests;
			sourceTree = "<group>";
		};
/* End PBXGroup section */

/* Begin PBXNativeTarget section */
		391BFE1A20C68AD100B4EFEC /* Matrix */ = {
			isa = PBXNativeTarget;
			buildConfigurationList = 391BFE4420C68AD200B4EFEC /* Build configuration list for PBXNativeTarget "Matrix" */;
			buildPhases = (
				391BFE1720C68AD100B4EFEC /* Sources */,
				391BFE1820C68AD100B4EFEC /* Frameworks */,
				391BFE1920C68AD100B4EFEC /* Resources */,
			);
			buildRules = (
			);
			dependencies = (
			);
			name = Matrix;
			productName = Matrix;
			productReference = 391BFE1B20C68AD100B4EFEC /* Matrix.app */;
			productType = "com.apple.product-type.application";
		};
		391BFE2F20C68AD200B4EFEC /* MatrixTests */ = {
			isa = PBXNativeTarget;
			buildConfigurationList = 391BFE4720C68AD200B4EFEC /* Build configuration list for PBXNativeTarget "MatrixTests" */;
			buildPhases = (
				391BFE2C20C68AD200B4EFEC /* Sources */,
				391BFE2D20C68AD200B4EFEC /* Frameworks */,
				391BFE2E20C68AD200B4EFEC /* Resources */,
			);
			buildRules = (
			);
			dependencies = (
				391BFE3220C68AD200B4EFEC /* PBXTargetDependency */,
			);
			name = MatrixTests;
			productName = MatrixTests;
			productReference = 391BFE3020C68AD200B4EFEC /* MatrixTests.xctest */;
			productType = "com.apple.product-type.bundle.unit-test";
		};
		391BFE3A20C68AD200B4EFEC /* MatrixUITests */ = {
			isa = PBXNativeTarget;
			buildConfigurationList = 391BFE4A20C68AD200B4EFEC /* Build configuration list for PBXNativeTarget "MatrixUITests" */;
			buildPhases = (
				391BFE3720C68AD200B4EFEC /* Sources */,
				391BFE3820C68AD200B4EFEC /* Frameworks */,
				391BFE3920C68AD200B4EFEC /* Resources */,
			);
			buildRules = (
			);
			dependencies = (
				391BFE3D20C68AD200B4EFEC /* PBXTargetDependency */,
			);
			name = MatrixUITests;
			productName = MatrixUITests;
			productReference = 391BFE3B20C68AD200B4EFEC /* MatrixUITests.xctest */;
			productType = "com.apple.product-type.bundle.ui-testing";
		};
/* End PBXNativeTarget section */

/* Begin PBXProject section */
		391BFE1320C68AD100B4EFEC /* Project object */ = {
			isa = PBXProject;
			attributes = {
				LastSwiftUpdateCheck = 0940;
				LastUpgradeCheck = 0940;
				ORGANIZATIONNAME = "Neil Alexander";
				TargetAttributes = {
					391BFE1A20C68AD100B4EFEC = {
						CreatedOnToolsVersion = 9.4;
					};
					391BFE2F20C68AD200B4EFEC = {
						CreatedOnToolsVersion = 9.4;
						TestTargetID = 391BFE1A20C68AD100B4EFEC;
					};
					391BFE3A20C68AD200B4EFEC = {
						CreatedOnToolsVersion = 9.4;
						TestTargetID = 391BFE1A20C68AD100B4EFEC;
					};
				};
			};
			buildConfigurationList = 391BFE1620C68AD100B4EFEC /* Build configuration list for PBXProject "Matrix" */;
			compatibilityVersion = "Xcode 9.3";
			developmentRegion = en;
			hasScannedForEncodings = 0;
			knownRegions = (
				en,
				Base,
			);
			mainGroup = 391BFE1220C68AD100B4EFEC;
			productRefGroup = 391BFE1C20C68AD100B4EFEC /* Products */;
			projectDirPath = "";
			projectRoot = "";
			targets = (
				391BFE1A20C68AD100B4EFEC /* Matrix */,
				391BFE2F20C68AD200B4EFEC /* MatrixTests */,
				391BFE3A20C68AD200B4EFEC /* MatrixUITests */,
			);
		};
/* End PBXProject section */

/* Begin PBXResourcesBuildPhase section */
		391BFE1920C68AD100B4EFEC /* Resources */ = {
			isa = PBXResourcesBuildPhase;
			buildActionMask = 2147483647;
			files = (
				391BFE2620C68AD200B4EFEC /* Assets.xcassets in Resources */,
				391BFE2920C68AD200B4EFEC /* Main.storyboard in Resources */,
			);
			runOnlyForDeploymentPostprocessing = 0;
		};
		391BFE2E20C68AD200B4EFEC /* Resources */ = {
			isa = PBXResourcesBuildPhase;
			buildActionMask = 2147483647;
			files = (
			);
			runOnlyForDeploymentPostprocessing = 0;
		};
		391BFE3920C68AD200B4EFEC /* Resources */ = {
			isa = PBXResourcesBuildPhase;
			buildActionMask = 2147483647;
			files = (
			);
			runOnlyForDeploymentPostprocessing = 0;
		};
/* End PBXResourcesBuildPhase section */

/* Begin PBXSourcesBuildPhase section */
		391BFE1720C68AD100B4EFEC /* Sources */ = {
			isa = PBXSourcesBuildPhase;
			buildActionMask = 2147483647;
			files = (
				391BFE2120C68AD100B4EFEC /* ViewController.swift in Sources */,
				391BFE1F20C68AD100B4EFEC /* AppDelegate.swift in Sources */,
				391BFE2420C68AD100B4EFEC /* Matrix.xcdatamodeld in Sources */,
			);
			runOnlyForDeploymentPostprocessing = 0;
		};
		391BFE2C20C68AD200B4EFEC /* Sources */ = {
			isa = PBXSourcesBuildPhase;
			buildActionMask = 2147483647;
			files = (
				391BFE3520C68AD200B4EFEC /* MatrixTests.swift in Sources */,
			);
			runOnlyForDeploymentPostprocessing = 0;
		};
		391BFE3720C68AD200B4EFEC /* Sources */ = {
			isa = PBXSourcesBuildPhase;
			buildActionMask = 2147483647;
			files = (
				391BFE4020C68AD200B4EFEC /* MatrixUITests.swift in Sources */,
			);
			runOnlyForDeploymentPostprocessing = 0;
		};
/* End PBXSourcesBuildPhase section */

/* Begin PBXTargetDependency section */
		391BFE3220C68AD200B4EFEC /* PBXTargetDependency */ = {
			isa = PBXTargetDependency;
			target = 391BFE1A20C68AD100B4EFEC /* Matrix */;
			targetProxy = 391BFE3120C68AD200B4EFEC /* PBXContainerItemProxy */;
		};
		391BFE3D20C68AD200B4EFEC /* PBXTargetDependency */ = {
			isa = PBXTargetDependency;
			target = 391BFE1A20C68AD100B4EFEC /* Matrix */;
			targetProxy = 391BFE3C20C68AD200B4EFEC /* PBXContainerItemProxy */;
		};
/* End PBXTargetDependency section */

/* Begin PBXVariantGroup section */
		391BFE2720C68AD200B4EFEC /* Main.storyboard */ = {
			isa = PBXVariantGroup;
			children = (
				391BFE2820C68AD200B4EFEC /* Base */,
			);
			name = Main.storyboard;
			sourceTree = "<group>";
		};
/* End PBXVariantGroup section */

/* Begin XCBuildConfiguration section */
		391BFE4220C68AD200B4EFEC /* Debug */ = {
			isa = XCBuildConfiguration;
			buildSettings = {
				ALWAYS_SEARCH_USER_PATHS = NO;
				CLANG_ANALYZER_NONNULL = YES;
				CLANG_ANALYZER_NUMBER_OBJECT_CONVERSION = YES_AGGRESSIVE;
				CLANG_CXX_LANGUAGE_STANDARD = "gnu++14";
				CLANG_CXX_LIBRARY = "libc++";
				CLANG_ENABLE_MODULES = YES;
				CLANG_ENABLE_OBJC_ARC = YES;
				CLANG_ENABLE_OBJC_WEAK = YES;
				CLANG_WARN_BLOCK_CAPTURE_AUTORELEASING = YES;
				CLANG_WARN_BOOL_CONVERSION = YES;
				CLANG_WARN_COMMA = YES;
				CLANG_WARN_CONSTANT_CONVERSION = YES;
				CLANG_WARN_DEPRECATED_OBJC_IMPLEMENTATIONS = YES;
				CLANG_WARN_DIRECT_OBJC_ISA_USAGE = YES_ERROR;
				CLANG_WARN_DOCUMENTATION_COMMENTS = YES;
				CLANG_WARN_EMPTY_BODY = YES;
				CLANG_WARN_ENUM_CONVERSION = YES;
				CLANG_WARN_INFINITE_RECURSION = YES;
				CLANG_WARN_INT_CONVERSION = YES;
				CLANG_WARN_NON_LITERAL_NULL_CONVERSION = YES;
				CLANG_WARN_OBJC_IMPLICIT_RETAIN_SELF = YES;
				CLANG_WARN_OBJC_LITERAL_CONVERSION = YES;
				CLANG_WARN_OBJC_ROOT_CLASS = YES_ERROR;
				CLANG_WARN_RANGE_LOOP_ANALYSIS = YES;
				CLANG_WARN_STRICT_PROTOTYPES = YES;
				CLANG_WARN_SUSPICIOUS_MOVE = YES;
				CLANG_WARN_UNGUARDED_AVAILABILITY = YES_AGGRESSIVE;
				CLANG_WARN_UNREACHABLE_CODE = YES;
				CLANG_WARN__DUPLICATE_METHOD_MATCH = YES;
				CODE_SIGN_IDENTITY = "-";
				COPY_PHASE_STRIP = NO;
				DEBUG_INFORMATION_FORMAT = dwarf;
				ENABLE_STRICT_OBJC_MSGSEND = YES;
				ENABLE_TESTABILITY = YES;
				GCC_C_LANGUAGE_STANDARD = gnu11;
				GCC_DYNAMIC_NO_PIC = NO;
				GCC_NO_COMMON_BLOCKS = YES;
				GCC_OPTIMIZATION_LEVEL = 0;
				GCC_PREPROCESSOR_DEFINITIONS = (
					"DEBUG=1",
					"$(inherited)",
				);
				GCC_WARN_64_TO_32_BIT_CONVERSION = YES;
				GCC_WARN_ABOUT_RETURN_TYPE = YES_ERROR;
				GCC_WARN_UNDECLARED_SELECTOR = YES;
				GCC_WARN_UNINITIALIZED_AUTOS = YES_AGGRESSIVE;
				GCC_WARN_UNUSED_FUNCTION = YES;
				GCC_WARN_UNUSED_VARIABLE = YES;
				MACOSX_DEPLOYMENT_TARGET = 10.13;
				MTL_ENABLE_DEBUG_INFO = YES;
				ONLY_ACTIVE_ARCH = YES;
				SDKROOT = macosx;
				SWIFT_ACTIVE_COMPILATION_CONDITIONS = DEBUG;
				SWIFT_OPTIMIZATION_LEVEL = "-Onone";
			};
			name = Debug;
		};
		391BFE4320C68AD200B4EFEC /* Release */ = {
			isa = XCBuildConfiguration;
			buildSettings = {
				ALWAYS_SEARCH_USER_PATHS = NO;
				CLANG_ANALYZER_NONNULL = YES;
				CLANG_ANALYZER_NUMBER_OBJECT_CONVERSION = YES_AGGRESSIVE;
				CLANG_CXX_LANGUAGE_STANDARD = "gnu++14";
				CLANG_CXX_LIBRARY = "libc++";
				CLANG_ENABLE_MODULES = YES;
				CLANG_ENABLE_OBJC_ARC = YES;
				CLANG_ENABLE_OBJC_WEAK = YES;
				CLANG_WARN_BLOCK_CAPTURE_AUTORELEASING = YES;
				CLANG_WARN_BOOL_CONVERSION = YES;
				CLANG_WARN_COMMA = YES;
				CLANG_WARN_CONSTANT_CONVERSION = YES;
				CLANG_WARN_DEPRECATED_OBJC_IMPLEMENTATIONS = YES;
				CLANG_WARN_DIRECT_OBJC_ISA_USAGE = YES_ERROR;
				CLANG_WARN_DOCUMENTATION_COMMENTS = YES;
				CLANG_WARN_EMPTY_BODY = YES;
				CLANG_WARN_ENUM_CONVERSION = YES;
				CLANG_WARN_INFINITE_RECURSION = YES;
				CLANG_WARN_INT_CONVERSION = YES;
				CLANG_WARN_NON_LITERAL_NULL_CONVERSION = YES;
				CLANG_WARN_OBJC_IMPLICIT_RETAIN_SELF = YES;
				CLANG_WARN_OBJC_LITERAL_CONVERSION = YES;
				CLANG_WARN_OBJC_ROOT_CLASS = YES_ERROR;
				CLANG_WARN_RANGE_LOOP_ANALYSIS = YES;
				CLANG_WARN_STRICT_PROTOTYPES = YES;
				CLANG_WARN_SUSPICIOUS_MOVE = YES;
				CLANG_WARN_UNGUARDED_AVAILABILITY = YES_AGGRESSIVE;
				CLANG_WARN_UNREACHABLE_CODE = YES;
				CLANG_WARN__DUPLICATE_METHOD_MATCH = YES;
				CODE_SIGN_IDENTITY = "-";
				COPY_PHASE_STRIP = NO;
				DEBUG_INFORMATION_FORMAT = "dwarf-with-dsym";
				ENABLE_NS_ASSERTIONS = NO;
				ENABLE_STRICT_OBJC_MSGSEND = YES;
				GCC_C_LANGUAGE_STANDARD = gnu11;
				GCC_NO_COMMON_BLOCKS = YES;
				GCC_WARN_64_TO_32_BIT_CONVERSION = YES;
				GCC_WARN_ABOUT_RETURN_TYPE = YES_ERROR;
				GCC_WARN_UNDECLARED_SELECTOR = YES;
				GCC_WARN_UNINITIALIZED_AUTOS = YES_AGGRESSIVE;
				GCC_WARN_UNUSED_FUNCTION = YES;
				GCC_WARN_UNUSED_VARIABLE = YES;
				MACOSX_DEPLOYMENT_TARGET = 10.13;
				MTL_ENABLE_DEBUG_INFO = NO;
				SDKROOT = macosx;
				SWIFT_COMPILATION_MODE = wholemodule;
				SWIFT_OPTIMIZATION_LEVEL = "-O";
			};
			name = Release;
		};
		391BFE4520C68AD200B4EFEC /* Debug */ = {
			isa = XCBuildConfiguration;
			buildSettings = {
				ASSETCATALOG_COMPILER_APPICON_NAME = AppIcon;
				CODE_SIGN_ENTITLEMENTS = Matrix/Matrix.entitlements;
				CODE_SIGN_STYLE = Automatic;
				COMBINE_HIDPI_IMAGES = YES;
				INFOPLIST_FILE = Matrix/Info.plist;
				LD_RUNPATH_SEARCH_PATHS = (
					"$(inherited)",
					"@executable_path/../Frameworks",
				);
				PRODUCT_BUNDLE_IDENTIFIER = eu.neilalexander.Matrix;
				PRODUCT_NAME = "$(TARGET_NAME)";
				SWIFT_VERSION = 4.0;
			};
			name = Debug;
		};
		391BFE4620C68AD200B4EFEC /* Release */ = {
			isa = XCBuildConfiguration;
			buildSettings = {
				ASSETCATALOG_COMPILER_APPICON_NAME = AppIcon;
				CODE_SIGN_ENTITLEMENTS = Matrix/Matrix.entitlements;
				CODE_SIGN_STYLE = Automatic;
				COMBINE_HIDPI_IMAGES = YES;
				INFOPLIST_FILE = Matrix/Info.plist;
				LD_RUNPATH_SEARCH_PATHS = (
					"$(inherited)",
					"@executable_path/../Frameworks",
				);
				PRODUCT_BUNDLE_IDENTIFIER = eu.neilalexander.Matrix;
				PRODUCT_NAME = "$(TARGET_NAME)";
				SWIFT_VERSION = 4.0;
			};
			name = Release;
		};
		391BFE4820C68AD200B4EFEC /* Debug */ = {
			isa = XCBuildConfiguration;
			buildSettings = {
				ALWAYS_EMBED_SWIFT_STANDARD_LIBRARIES = YES;
				BUNDLE_LOADER = "$(TEST_HOST)";
				CODE_SIGN_STYLE = Automatic;
				COMBINE_HIDPI_IMAGES = YES;
				INFOPLIST_FILE = MatrixTests/Info.plist;
				LD_RUNPATH_SEARCH_PATHS = (
					"$(inherited)",
					"@executable_path/../Frameworks",
					"@loader_path/../Frameworks",
				);
				PRODUCT_BUNDLE_IDENTIFIER = eu.neilalexander.MatrixTests;
				PRODUCT_NAME = "$(TARGET_NAME)";
				SWIFT_VERSION = 4.0;
				TEST_HOST = "$(BUILT_PRODUCTS_DIR)/Matrix.app/Contents/MacOS/Matrix";
			};
			name = Debug;
		};
		391BFE4920C68AD200B4EFEC /* Release */ = {
			isa = XCBuildConfiguration;
			buildSettings = {
				ALWAYS_EMBED_SWIFT_STANDARD_LIBRARIES = YES;
				BUNDLE_LOADER = "$(TEST_HOST)";
				CODE_SIGN_STYLE = Automatic;
				COMBINE_HIDPI_IMAGES = YES;
				INFOPLIST_FILE = MatrixTests/Info.plist;
				LD_RUNPATH_SEARCH_PATHS = (
					"$(inherited)",
					"@executable_path/../Frameworks",
					"@loader_path/../Frameworks",
				);
				PRODUCT_BUNDLE_IDENTIFIER = eu.neilalexander.MatrixTests;
				PRODUCT_NAME = "$(TARGET_NAME)";
				SWIFT_VERSION = 4.0;
				TEST_HOST = "$(BUILT_PRODUCTS_DIR)/Matrix.app/Contents/MacOS/Matrix";
			};
			name = Release;
		};
		391BFE4B20C68AD200B4EFEC /* Debug */ = {
			isa = XCBuildConfiguration;
			buildSettings = {
				ALWAYS_EMBED_SWIFT_STANDARD_LIBRARIES = YES;
				CODE_SIGN_STYLE = Automatic;
				COMBINE_HIDPI_IMAGES = YES;
				INFOPLIST_FILE = MatrixUITests/Info.plist;
				LD_RUNPATH_SEARCH_PATHS = (
					"$(inherited)",
					"@executable_path/../Frameworks",
					"@loader_path/../Frameworks",
				);
				PRODUCT_BUNDLE_IDENTIFIER = eu.neilalexander.MatrixUITests;
				PRODUCT_NAME = "$(TARGET_NAME)";
				SWIFT_VERSION = 4.0;
				TEST_TARGET_NAME = Matrix;
			};
			name = Debug;
		};
		391BFE4C20C68AD200B4EFEC /* Release */ = {
			isa = XCBuildConfiguration;
			buildSettings = {
				ALWAYS_EMBED_SWIFT_STANDARD_LIBRARIES = YES;
				CODE_SIGN_STYLE = Automatic;
				COMBINE_HIDPI_IMAGES = YES;
				INFOPLIST_FILE = MatrixUITests/Info.plist;
				LD_RUNPATH_SEARCH_PATHS = (
					"$(inherited)",
					"@executable_path/../Frameworks",
					"@loader_path/../Frameworks",
				);
				PRODUCT_BUNDLE_IDENTIFIER = eu.neilalexander.MatrixUITests;
				PRODUCT_NAME = "$(TARGET_NAME)";
				SWIFT_VERSION = 4.0;
				TEST_TARGET_NAME = Matrix;
			};
			name = Release;
		};
/* End XCBuildConfiguration section */

/* Begin XCConfigurationList section */
		391BFE1620C68AD100B4EFEC /* Build configuration list for PBXProject "Matrix" */ = {
			isa = XCConfigurationList;
			buildConfigurations = (
				391BFE4220C68AD200B4EFEC /* Debug */,
				391BFE4320C68AD200B4EFEC /* Release */,
			);
			defaultConfigurationIsVisible = 0;
			defaultConfigurationName = Release;
		};
		391BFE4420C68AD200B4EFEC /* Build configuration list for PBXNativeTarget "Matrix" */ = {
			isa = XCConfigurationList;
			buildConfigurations = (
				391BFE4520C68AD200B4EFEC /* Debug */,
				391BFE4620C68AD200B4EFEC /* Release */,
			);
			defaultConfigurationIsVisible = 0;
			defaultConfigurationName = Release;
		};
		391BFE4720C68AD200B4EFEC /* Build configuration list for PBXNativeTarget "MatrixTests" */ = {
			isa = XCConfigurationList;
			buildConfigurations = (
				391BFE4820C68AD200B4EFEC /* Debug */,
				391BFE4920C68AD200B4EFEC /* Release */,
			);
			defaultConfigurationIsVisible = 0;
			defaultConfigurationName = Release;
		};
		391BFE4A20C68AD200B4EFEC /* Build configuration list for PBXNativeTarget "MatrixUITests" */ = {
			isa = XCConfigurationList;
			buildConfigurations = (
				391BFE4B20C68AD200B4EFEC /* Debug */,
				391BFE4C20C68AD200B4EFEC /* Release */,
			);
			defaultConfigurationIsVisible = 0;
			defaultConfigurationName = Release;
		};
/* End XCConfigurationList section */

/* Begin XCVersionGroup section */
		391BFE2220C68AD100B4EFEC /* Matrix.xcdatamodeld */ = {
			isa = XCVersionGroup;
			children = (
				391BFE2320C68AD100B4EFEC /* Matrix.xcdatamodel */,
			);
			currentVersion = 391BFE2320C68AD100B4EFEC /* Matrix.xcdatamodel */;
			path = Matrix.xcdatamodeld;
			sourceTree = "<group>";
			versionGroupType = wrapper.xcdatamodel;
		};
/* End XCVersionGroup section */
	};
	rootObject = 391BFE1320C68AD100B4EFEC /* Project object */;
}
