PODS:
  - AFNetworking (3.2.1):
    - AFNetworking/NSURLSession (= 3.2.1)
    - AFNetworking/Reachability (= 3.2.1)
    - AFNetworking/Security (= 3.2.1)
    - AFNetworking/Serialization (= 3.2.1)
    - AFNetworking/UIKit (= 3.2.1)
  - AFNetworking/NSURLSession (3.2.1):
    - AFNetworking/Reachability
    - AFNetworking/Security
    - AFNetworking/Serialization
  - AFNetworking/Reachability (3.2.1)
  - AFNetworking/Security (3.2.1)
  - AFNetworking/Serialization (3.2.1)
  - Down (0.5.2)
  - GZIP (1.2.2)
  - LetsMove (1.24)
  - OLMKit (2.2.2):
    - OLMKit/olmc (= 2.2.2)
    - OLMKit/olmcpp (= 2.2.2)
  - OLMKit/olmc (2.2.2)
  - OLMKit/olmcpp (2.2.2)
  - Realm (3.6.0):
    - Realm/Headers (= 3.6.0)
  - Realm/Headers (3.6.0)
  - Sparkle (1.20.0)
  - SwiftMatrixSDK (0.10.12):
    - AFNetworking (~> 3.2.0)
    - GZIP (~> 1.2.1)
    - OLMKit (~> 2.2.2)
    - Realm (~> 3.6.0)
  - TSMarkdownParser (2.1.5)

DEPENDENCIES:
  - Down
  - LetsMove
  - Sparkle
  - SwiftMatrixSDK (= 0.10.12)
  - TSMarkdownParser

SPEC REPOS:
  https://github.com/cocoapods/specs.git:
    - AFNetworking
    - Down
    - GZIP
    - LetsMove
    - OLMKit
    - Realm
    - Sparkle
    - SwiftMatrixSDK
    - TSMarkdownParser

SPEC CHECKSUMS:
  AFNetworking: b6f891fdfaed196b46c7a83cf209e09697b94057
  Down: 587371ad58002b06023d9c602519216862c3acbc
  GZIP: 12374d285e3b5d46cfcd480700fcfc7e16caf4f1
  LetsMove: fefe56bc7bc7fb7d37049e28a14f297961229fc5
  OLMKit: b9d8c0ffee9ea8c45bc0aaa9afb47f93fba7efbd
  Realm: 08b464b462d4f31bbd4ba5f5a1c8722ef0a700b7
  Sparkle: 48999e7ee032f05ca05e28451eadf4af8ede6b44
  SwiftMatrixSDK: 793d7505afe6cb8aa563c2c4c94613ef279bca87
  TSMarkdownParser: 3224ea196ecc7148fa7e03bc438f9390d4edfb6d

PODFILE CHECKSUM: 51b0dc54e9cc22665f5c7e716de42ec201fff7c1

COCOAPODS: 1.7.1
