PODS:
  - AFNetworking (3.2.1):
    - AFNetworking/NSURLSession (= 3.2.1)
    - AFNetworking/Reachability (= 3.2.1)
    - AFNetworking/Security (= 3.2.1)
    - AFNetworking/Serialization (= 3.2.1)
    - AFNetworking/UIKit (= 3.2.1)
  - AFNetworking/NSURLSession (3.2.1):
    - AFNetworking/Reachability
    - AFNetworking/Security
    - AFNetworking/Serialization
  - AFNetworking/Reachability (3.2.1)
  - AFNetworking/Security (3.2.1)
  - AFNetworking/Serialization (3.2.1)
  - Down (0.5.2)
  - GZIP (1.2.3)
  - LetsMove (1.24)
  - OLMKit (3.0.0):
    - OLMKit/olmc (= 3.0.0)
    - OLMKit/olmcpp (= 3.0.0)
  - OLMKit/olmc (3.0.0)
  - OLMKit/olmcpp (3.0.0)
  - Realm (3.11.2):
    - Realm/Headers (= 3.11.2)
  - Realm/Headers (3.11.2)
  - Sparkle (1.20.0)
  - SwiftMatrixSDK (0.11.6):
    - AFNetworking (~> 3.2.0)
    - GZIP (~> 1.2.2)
    - OLMKit (~> 3.0.0)
    - Realm (~> 3.11.1)
  - TSMarkdownParser (2.1.5)

DEPENDENCIES:
  - Down
  - LetsMove
  - Sparkle
  - SwiftMatrixSDK (from `https://github.com/MattHardcastle/matrix-ios-sdk.git`, commit `0a373c1cfbe10246218b72dc843d1d0d33807ab6`)
  - TSMarkdownParser

SPEC REPOS:
  https://github.com/CocoaPods/Specs.git:
    - Down
    - LetsMove
    - Sparkle
    - TSMarkdownParser
  trunk:
    - AFNetworking
    - GZIP
    - OLMKit
    - Realm

EXTERNAL SOURCES:
  SwiftMatrixSDK:
    :commit: 0a373c1cfbe10246218b72dc843d1d0d33807ab6
    :git: https://github.com/MattHardcastle/matrix-ios-sdk.git

CHECKOUT OPTIONS:
  SwiftMatrixSDK:
    :commit: 0a373c1cfbe10246218b72dc843d1d0d33807ab6
    :git: https://github.com/MattHardcastle/matrix-ios-sdk.git

SPEC CHECKSUMS:
  AFNetworking: b6f891fdfaed196b46c7a83cf209e09697b94057
  Down: 587371ad58002b06023d9c602519216862c3acbc
  GZIP: af5c90ef903776a7e9afe6ebebd794a84a2929d4
  LetsMove: fefe56bc7bc7fb7d37049e28a14f297961229fc5
  OLMKit: 88eda69110489f817d59bcb4353b7c247570aa4f
  Realm: 864477d028db77f7c5a0cba64a4892ad53db128a
  Sparkle: 48999e7ee032f05ca05e28451eadf4af8ede6b44
  SwiftMatrixSDK: 3b8454c837785cb66e4325051f194d79dec889d2
  TSMarkdownParser: 3224ea196ecc7148fa7e03bc438f9390d4edfb6d

PODFILE CHECKSUM: 6223d3a3a5a2c1c9cc5e217d7c0e5f881a773d6b

COCOAPODS: 1.9.1
