// !$*UTF8*$!
{
	archiveVersion = 1;
	classes = {
	};
	objectVersion = 50;
	objects = {

/* Begin PBXBuildFile section */
		390FE41120C7026A004A4B74 /* MatrixServices.swift in Sources */ = {isa = PBXBuildFile; fileRef = 390FE41020C7026A004A4B74 /* MatrixServices.swift */; };
		391BFE1F20C68AD100B4EFEC /* AppDelegate.swift in Sources */ = {isa = PBXBuildFile; fileRef = 391BFE1E20C68AD100B4EFEC /* AppDelegate.swift */; };
		391BFE2120C68AD100B4EFEC /* LoginViewController.swift in Sources */ = {isa = PBXBuildFile; fileRef = 391BFE2020C68AD100B4EFEC /* LoginViewController.swift */; };
		391BFE2420C68AD100B4EFEC /* Seaglass.xcdatamodeld in Sources */ = {isa = PBXBuildFile; fileRef = 391BFE2220C68AD100B4EFEC /* Seaglass.xcdatamodeld */; };
		391BFE2620C68AD200B4EFEC /* Assets.xcassets in Resources */ = {isa = PBXBuildFile; fileRef = 391BFE2520C68AD200B4EFEC /* Assets.xcassets */; };
		391BFE2920C68AD200B4EFEC /* Main.storyboard in Resources */ = {isa = PBXBuildFile; fileRef = 391BFE2720C68AD200B4EFEC /* Main.storyboard */; };
		391BFE3520C68AD200B4EFEC /* MatrixTests.swift in Sources */ = {isa = PBXBuildFile; fileRef = 391BFE3420C68AD200B4EFEC /* MatrixTests.swift */; };
		391BFE4020C68AD200B4EFEC /* MatrixUITests.swift in Sources */ = {isa = PBXBuildFile; fileRef = 391BFE3F20C68AD200B4EFEC /* MatrixUITests.swift */; };
		3943E0E520CAE55D0061D51D /* LoginViewSettingsController.swift in Sources */ = {isa = PBXBuildFile; fileRef = 3943E0E420CAE55D0061D51D /* LoginViewSettingsController.swift */; };
		3994B34820C6E02700DD1D8D /* MainViewController.swift in Sources */ = {isa = PBXBuildFile; fileRef = 3994B34720C6E02700DD1D8D /* MainViewController.swift */; };
		399E6FC420C806D900A2644A /* MainViewRoomsController.swift in Sources */ = {isa = PBXBuildFile; fileRef = 399E6FC320C806D900A2644A /* MainViewRoomsController.swift */; };
		399E6FC620C806E700A2644A /* MainViewChannelController.swift in Sources */ = {isa = PBXBuildFile; fileRef = 399E6FC520C806E700A2644A /* MainViewChannelController.swift */; };
		BFE2CDE4BF2804188ABE8881 /* Pods_Seaglass.framework in Frameworks */ = {isa = PBXBuildFile; fileRef = 299683AF86E39E7AD61BC3B4 /* Pods_Seaglass.framework */; };
/* End PBXBuildFile section */

/* Begin PBXContainerItemProxy section */
		391BFE3120C68AD200B4EFEC /* PBXContainerItemProxy */ = {
			isa = PBXContainerItemProxy;
			containerPortal = 391BFE1320C68AD100B4EFEC /* Project object */;
			proxyType = 1;
			remoteGlobalIDString = 391BFE1A20C68AD100B4EFEC;
			remoteInfo = Matrix;
		};
		391BFE3C20C68AD200B4EFEC /* PBXContainerItemProxy */ = {
			isa = PBXContainerItemProxy;
			containerPortal = 391BFE1320C68AD100B4EFEC /* Project object */;
			proxyType = 1;
			remoteGlobalIDString = 391BFE1A20C68AD100B4EFEC;
			remoteInfo = Matrix;
		};
/* End PBXContainerItemProxy section */

/* Begin PBXFileReference section */
		299683AF86E39E7AD61BC3B4 /* Pods_Seaglass.framework */ = {isa = PBXFileReference; explicitFileType = wrapper.framework; includeInIndex = 0; path = Pods_Seaglass.framework; sourceTree = BUILT_PRODUCTS_DIR; };
		390FE41020C7026A004A4B74 /* MatrixServices.swift */ = {isa = PBXFileReference; lastKnownFileType = sourcecode.swift; path = MatrixServices.swift; sourceTree = "<group>"; };
		391BFE1B20C68AD100B4EFEC /* Seaglass.app */ = {isa = PBXFileReference; explicitFileType = wrapper.application; includeInIndex = 0; path = Seaglass.app; sourceTree = BUILT_PRODUCTS_DIR; };
		391BFE1E20C68AD100B4EFEC /* AppDelegate.swift */ = {isa = PBXFileReference; lastKnownFileType = sourcecode.swift; path = AppDelegate.swift; sourceTree = "<group>"; };
		391BFE2020C68AD100B4EFEC /* LoginViewController.swift */ = {isa = PBXFileReference; lastKnownFileType = sourcecode.swift; path = LoginViewController.swift; sourceTree = "<group>"; };
		391BFE2320C68AD100B4EFEC /* Matrix.xcdatamodel */ = {isa = PBXFileReference; lastKnownFileType = wrapper.xcdatamodel; path = Matrix.xcdatamodel; sourceTree = "<group>"; };
		391BFE2520C68AD200B4EFEC /* Assets.xcassets */ = {isa = PBXFileReference; lastKnownFileType = folder.assetcatalog; path = Assets.xcassets; sourceTree = "<group>"; };
		391BFE2820C68AD200B4EFEC /* Base */ = {isa = PBXFileReference; lastKnownFileType = file.storyboard; name = Base; path = Base.lproj/Main.storyboard; sourceTree = "<group>"; };
		391BFE2A20C68AD200B4EFEC /* Info.plist */ = {isa = PBXFileReference; lastKnownFileType = text.plist.xml; path = Info.plist; sourceTree = "<group>"; };
		391BFE2B20C68AD200B4EFEC /* Seaglass.entitlements */ = {isa = PBXFileReference; lastKnownFileType = text.plist.entitlements; path = Seaglass.entitlements; sourceTree = "<group>"; };
		391BFE3020C68AD200B4EFEC /* SeaglassTests.xctest */ = {isa = PBXFileReference; explicitFileType = wrapper.cfbundle; includeInIndex = 0; path = SeaglassTests.xctest; sourceTree = BUILT_PRODUCTS_DIR; };
		391BFE3420C68AD200B4EFEC /* MatrixTests.swift */ = {isa = PBXFileReference; lastKnownFileType = sourcecode.swift; path = MatrixTests.swift; sourceTree = "<group>"; };
		391BFE3620C68AD200B4EFEC /* Info.plist */ = {isa = PBXFileReference; lastKnownFileType = text.plist.xml; path = Info.plist; sourceTree = "<group>"; };
		391BFE3B20C68AD200B4EFEC /* SeaglassUITests.xctest */ = {isa = PBXFileReference; explicitFileType = wrapper.cfbundle; includeInIndex = 0; path = SeaglassUITests.xctest; sourceTree = BUILT_PRODUCTS_DIR; };
		391BFE3F20C68AD200B4EFEC /* MatrixUITests.swift */ = {isa = PBXFileReference; lastKnownFileType = sourcecode.swift; path = MatrixUITests.swift; sourceTree = "<group>"; };
		391BFE4120C68AD200B4EFEC /* Info.plist */ = {isa = PBXFileReference; lastKnownFileType = text.plist.xml; path = Info.plist; sourceTree = "<group>"; };
		3943E0E420CAE55D0061D51D /* LoginViewSettingsController.swift */ = {isa = PBXFileReference; lastKnownFileType = sourcecode.swift; path = LoginViewSettingsController.swift; sourceTree = "<group>"; };
		3994B34720C6E02700DD1D8D /* MainViewController.swift */ = {isa = PBXFileReference; lastKnownFileType = sourcecode.swift; path = MainViewController.swift; sourceTree = "<group>"; };
		399E6FC320C806D900A2644A /* MainViewRoomsController.swift */ = {isa = PBXFileReference; lastKnownFileType = sourcecode.swift; path = MainViewRoomsController.swift; sourceTree = "<group>"; };
		399E6FC520C806E700A2644A /* MainViewChannelController.swift */ = {isa = PBXFileReference; lastKnownFileType = sourcecode.swift; path = MainViewChannelController.swift; sourceTree = "<group>"; };
		4FCA0CA8A0649C0C842786C7 /* Pods-Seaglass.debug.xcconfig */ = {isa = PBXFileReference; includeInIndex = 1; lastKnownFileType = text.xcconfig; name = "Pods-Seaglass.debug.xcconfig"; path = "Pods/Target Support Files/Pods-Seaglass/Pods-Seaglass.debug.xcconfig"; sourceTree = "<group>"; };
		829EE2A1194544FD1F8C1870 /* Pods-Seaglass.release.xcconfig */ = {isa = PBXFileReference; includeInIndex = 1; lastKnownFileType = text.xcconfig; name = "Pods-Seaglass.release.xcconfig"; path = "Pods/Target Support Files/Pods-Seaglass/Pods-Seaglass.release.xcconfig"; sourceTree = "<group>"; };
/* End PBXFileReference section */

/* Begin PBXFrameworksBuildPhase section */
		391BFE1820C68AD100B4EFEC /* Frameworks */ = {
			isa = PBXFrameworksBuildPhase;
			buildActionMask = 2147483647;
			files = (
				BFE2CDE4BF2804188ABE8881 /* Pods_Seaglass.framework in Frameworks */,
			);
			runOnlyForDeploymentPostprocessing = 0;
		};
		391BFE2D20C68AD200B4EFEC /* Frameworks */ = {
			isa = PBXFrameworksBuildPhase;
			buildActionMask = 2147483647;
			files = (
			);
			runOnlyForDeploymentPostprocessing = 0;
		};
		391BFE3820C68AD200B4EFEC /* Frameworks */ = {
			isa = PBXFrameworksBuildPhase;
			buildActionMask = 2147483647;
			files = (
			);
			runOnlyForDeploymentPostprocessing = 0;
		};
/* End PBXFrameworksBuildPhase section */

/* Begin PBXGroup section */
		391BFE1220C68AD100B4EFEC = {
			isa = PBXGroup;
			children = (
				391BFE1D20C68AD100B4EFEC /* Seaglass */,
				391BFE3320C68AD200B4EFEC /* SeaglassTests */,
				391BFE3E20C68AD200B4EFEC /* SeaglassUITests */,
				391BFE1C20C68AD100B4EFEC /* Products */,
				FDC30D44FDD00ADA7886C8A7 /* Pods */,
				4B0376101F07C1F46B20C37A /* Frameworks */,
			);
			sourceTree = "<group>";
		};
		391BFE1C20C68AD100B4EFEC /* Products */ = {
			isa = PBXGroup;
			children = (
				391BFE1B20C68AD100B4EFEC /* Seaglass.app */,
				391BFE3020C68AD200B4EFEC /* SeaglassTests.xctest */,
				391BFE3B20C68AD200B4EFEC /* SeaglassUITests.xctest */,
			);
			name = Products;
			sourceTree = "<group>";
		};
		391BFE1D20C68AD100B4EFEC /* Seaglass */ = {
			isa = PBXGroup;
			children = (
				391BFE2520C68AD200B4EFEC /* Assets.xcassets */,
				391BFE2720C68AD200B4EFEC /* Main.storyboard */,
				391BFE2A20C68AD200B4EFEC /* Info.plist */,
				391BFE2B20C68AD200B4EFEC /* Seaglass.entitlements */,
				391BFE2220C68AD100B4EFEC /* Seaglass.xcdatamodeld */,
				391BFE1E20C68AD100B4EFEC /* AppDelegate.swift */,
				391BFE2020C68AD100B4EFEC /* LoginViewController.swift */,
				390FE41020C7026A004A4B74 /* MatrixServices.swift */,
				3994B34720C6E02700DD1D8D /* MainViewController.swift */,
				399E6FC320C806D900A2644A /* MainViewRoomsController.swift */,
				399E6FC520C806E700A2644A /* MainViewChannelController.swift */,
				3943E0E420CAE55D0061D51D /* LoginViewSettingsController.swift */,
			);
			path = Seaglass;
			sourceTree = "<group>";
		};
		391BFE3320C68AD200B4EFEC /* SeaglassTests */ = {
			isa = PBXGroup;
			children = (
				391BFE3420C68AD200B4EFEC /* MatrixTests.swift */,
				391BFE3620C68AD200B4EFEC /* Info.plist */,
			);
			path = SeaglassTests;
			sourceTree = "<group>";
		};
		391BFE3E20C68AD200B4EFEC /* SeaglassUITests */ = {
			isa = PBXGroup;
			children = (
				391BFE3F20C68AD200B4EFEC /* MatrixUITests.swift */,
				391BFE4120C68AD200B4EFEC /* Info.plist */,
			);
			path = SeaglassUITests;
			sourceTree = "<group>";
		};
		4B0376101F07C1F46B20C37A /* Frameworks */ = {
			isa = PBXGroup;
			children = (
				299683AF86E39E7AD61BC3B4 /* Pods_Seaglass.framework */,
			);
			name = Frameworks;
			sourceTree = "<group>";
		};
		FDC30D44FDD00ADA7886C8A7 /* Pods */ = {
			isa = PBXGroup;
			children = (
				4FCA0CA8A0649C0C842786C7 /* Pods-Seaglass.debug.xcconfig */,
				829EE2A1194544FD1F8C1870 /* Pods-Seaglass.release.xcconfig */,
			);
			name = Pods;
			sourceTree = "<group>";
		};
/* End PBXGroup section */

/* Begin PBXHeadersBuildPhase section */
		396F71E520CAB8C500F4F5E0 /* Headers */ = {
			isa = PBXHeadersBuildPhase;
			buildActionMask = 2147483647;
			files = (
			);
			runOnlyForDeploymentPostprocessing = 0;
		};
/* End PBXHeadersBuildPhase section */

/* Begin PBXNativeTarget section */
		391BFE1A20C68AD100B4EFEC /* Seaglass */ = {
			isa = PBXNativeTarget;
			buildConfigurationList = 391BFE4420C68AD200B4EFEC /* Build configuration list for PBXNativeTarget "Seaglass" */;
			buildPhases = (
				06DFE818B1B6EB56165FAEFC /* [CP] Check Pods Manifest.lock */,
				391BFE1720C68AD100B4EFEC /* Sources */,
				391BFE1820C68AD100B4EFEC /* Frameworks */,
				391BFE1920C68AD100B4EFEC /* Resources */,
				396F71E520CAB8C500F4F5E0 /* Headers */,
				4F570CD459267BF101360C66 /* [CP] Embed Pods Frameworks */,
			);
			buildRules = (
			);
			dependencies = (
			);
			name = Seaglass;
			productName = Matrix;
			productReference = 391BFE1B20C68AD100B4EFEC /* Seaglass.app */;
			productType = "com.apple.product-type.application";
		};
		391BFE2F20C68AD200B4EFEC /* SeaglassTests */ = {
			isa = PBXNativeTarget;
			buildConfigurationList = 391BFE4720C68AD200B4EFEC /* Build configuration list for PBXNativeTarget "SeaglassTests" */;
			buildPhases = (
				391BFE2C20C68AD200B4EFEC /* Sources */,
				391BFE2D20C68AD200B4EFEC /* Frameworks */,
				391BFE2E20C68AD200B4EFEC /* Resources */,
			);
			buildRules = (
			);
			dependencies = (
				391BFE3220C68AD200B4EFEC /* PBXTargetDependency */,
			);
			name = SeaglassTests;
			productName = MatrixTests;
			productReference = 391BFE3020C68AD200B4EFEC /* SeaglassTests.xctest */;
			productType = "com.apple.product-type.bundle.unit-test";
		};
		391BFE3A20C68AD200B4EFEC /* SeaglassUITests */ = {
			isa = PBXNativeTarget;
			buildConfigurationList = 391BFE4A20C68AD200B4EFEC /* Build configuration list for PBXNativeTarget "SeaglassUITests" */;
			buildPhases = (
				391BFE3720C68AD200B4EFEC /* Sources */,
				391BFE3820C68AD200B4EFEC /* Frameworks */,
				391BFE3920C68AD200B4EFEC /* Resources */,
			);
			buildRules = (
			);
			dependencies = (
				391BFE3D20C68AD200B4EFEC /* PBXTargetDependency */,
			);
			name = SeaglassUITests;
			productName = MatrixUITests;
			productReference = 391BFE3B20C68AD200B4EFEC /* SeaglassUITests.xctest */;
			productType = "com.apple.product-type.bundle.ui-testing";
		};
/* End PBXNativeTarget section */

/* Begin PBXProject section */
		391BFE1320C68AD100B4EFEC /* Project object */ = {
			isa = PBXProject;
			attributes = {
				LastSwiftUpdateCheck = 0940;
				LastUpgradeCheck = 0940;
				ORGANIZATIONNAME = "Neil Alexander";
				TargetAttributes = {
					391BFE1A20C68AD100B4EFEC = {
						CreatedOnToolsVersion = 9.4;
						SystemCapabilities = {
							com.apple.Sandbox = {
								enabled = 0;
							};
						};
					};
					391BFE2F20C68AD200B4EFEC = {
						CreatedOnToolsVersion = 9.4;
						TestTargetID = 391BFE1A20C68AD100B4EFEC;
					};
					391BFE3A20C68AD200B4EFEC = {
						CreatedOnToolsVersion = 9.4;
						TestTargetID = 391BFE1A20C68AD100B4EFEC;
					};
				};
			};
			buildConfigurationList = 391BFE1620C68AD100B4EFEC /* Build configuration list for PBXProject "Seaglass" */;
			compatibilityVersion = "Xcode 9.3";
			developmentRegion = en;
			hasScannedForEncodings = 0;
			knownRegions = (
				en,
				Base,
			);
			mainGroup = 391BFE1220C68AD100B4EFEC;
			productRefGroup = 391BFE1C20C68AD100B4EFEC /* Products */;
			projectDirPath = "";
			projectRoot = "";
			targets = (
				391BFE1A20C68AD100B4EFEC /* Seaglass */,
				391BFE2F20C68AD200B4EFEC /* SeaglassTests */,
				391BFE3A20C68AD200B4EFEC /* SeaglassUITests */,
			);
		};
/* End PBXProject section */

/* Begin PBXResourcesBuildPhase section */
		391BFE1920C68AD100B4EFEC /* Resources */ = {
			isa = PBXResourcesBuildPhase;
			buildActionMask = 2147483647;
			files = (
				391BFE2620C68AD200B4EFEC /* Assets.xcassets in Resources */,
				391BFE2920C68AD200B4EFEC /* Main.storyboard in Resources */,
			);
			runOnlyForDeploymentPostprocessing = 0;
		};
		391BFE2E20C68AD200B4EFEC /* Resources */ = {
			isa = PBXResourcesBuildPhase;
			buildActionMask = 2147483647;
			files = (
			);
			runOnlyForDeploymentPostprocessing = 0;
		};
		391BFE3920C68AD200B4EFEC /* Resources */ = {
			isa = PBXResourcesBuildPhase;
			buildActionMask = 2147483647;
			files = (
			);
			runOnlyForDeploymentPostprocessing = 0;
		};
/* End PBXResourcesBuildPhase section */

/* Begin PBXShellScriptBuildPhase section */
		06DFE818B1B6EB56165FAEFC /* [CP] Check Pods Manifest.lock */ = {
			isa = PBXShellScriptBuildPhase;
			buildActionMask = 2147483647;
			files = (
			);
			inputPaths = (
				"${PODS_PODFILE_DIR_PATH}/Podfile.lock",
				"${PODS_ROOT}/Manifest.lock",
			);
			name = "[CP] Check Pods Manifest.lock";
			outputPaths = (
				"$(DERIVED_FILE_DIR)/Pods-Seaglass-checkManifestLockResult.txt",
			);
			runOnlyForDeploymentPostprocessing = 0;
			shellPath = /bin/sh;
			shellScript = "diff \"${PODS_PODFILE_DIR_PATH}/Podfile.lock\" \"${PODS_ROOT}/Manifest.lock\" > /dev/null\nif [ $? != 0 ] ; then\n    # print error to STDERR\n    echo \"error: The sandbox is not in sync with the Podfile.lock. Run 'pod install' or update your CocoaPods installation.\" >&2\n    exit 1\nfi\n# This output is used by Xcode 'outputs' to avoid re-running this script phase.\necho \"SUCCESS\" > \"${SCRIPT_OUTPUT_FILE_0}\"\n";
			showEnvVarsInLog = 0;
		};
		4F570CD459267BF101360C66 /* [CP] Embed Pods Frameworks */ = {
			isa = PBXShellScriptBuildPhase;
			buildActionMask = 2147483647;
			files = (
			);
			inputPaths = (
				"${SRCROOT}/Pods/Target Support Files/Pods-Seaglass/Pods-Seaglass-frameworks.sh",
				"${BUILT_PRODUCTS_DIR}/AFNetworking/AFNetworking.framework",
				"${BUILT_PRODUCTS_DIR}/GZIP/GZIP.framework",
				"${BUILT_PRODUCTS_DIR}/OLMKit/OLMKit.framework",
				"${BUILT_PRODUCTS_DIR}/Realm/Realm.framework",
				"${BUILT_PRODUCTS_DIR}/SwiftMatrixSDK/SwiftMatrixSDK.framework",
			);
			name = "[CP] Embed Pods Frameworks";
			outputPaths = (
				"${TARGET_BUILD_DIR}/${FRAMEWORKS_FOLDER_PATH}/AFNetworking.framework",
				"${TARGET_BUILD_DIR}/${FRAMEWORKS_FOLDER_PATH}/GZIP.framework",
				"${TARGET_BUILD_DIR}/${FRAMEWORKS_FOLDER_PATH}/OLMKit.framework",
				"${TARGET_BUILD_DIR}/${FRAMEWORKS_FOLDER_PATH}/Realm.framework",
				"${TARGET_BUILD_DIR}/${FRAMEWORKS_FOLDER_PATH}/SwiftMatrixSDK.framework",
			);
			runOnlyForDeploymentPostprocessing = 0;
			shellPath = /bin/sh;
			shellScript = "\"${SRCROOT}/Pods/Target Support Files/Pods-Seaglass/Pods-Seaglass-frameworks.sh\"\n";
			showEnvVarsInLog = 0;
		};
/* End PBXShellScriptBuildPhase section */

/* Begin PBXSourcesBuildPhase section */
		391BFE1720C68AD100B4EFEC /* Sources */ = {
			isa = PBXSourcesBuildPhase;
			buildActionMask = 2147483647;
			files = (
				391BFE2120C68AD100B4EFEC /* LoginViewController.swift in Sources */,
				399E6FC620C806E700A2644A /* MainViewChannelController.swift in Sources */,
				391BFE1F20C68AD100B4EFEC /* AppDelegate.swift in Sources */,
				399E6FC420C806D900A2644A /* MainViewRoomsController.swift in Sources */,
				390FE41120C7026A004A4B74 /* MatrixServices.swift in Sources */,
				391BFE2420C68AD100B4EFEC /* Seaglass.xcdatamodeld in Sources */,
				3994B34820C6E02700DD1D8D /* MainViewController.swift in Sources */,
				3943E0E520CAE55D0061D51D /* LoginViewSettingsController.swift in Sources */,
			);
			runOnlyForDeploymentPostprocessing = 0;
		};
		391BFE2C20C68AD200B4EFEC /* Sources */ = {
			isa = PBXSourcesBuildPhase;
			buildActionMask = 2147483647;
			files = (
				391BFE3520C68AD200B4EFEC /* MatrixTests.swift in Sources */,
			);
			runOnlyForDeploymentPostprocessing = 0;
		};
		391BFE3720C68AD200B4EFEC /* Sources */ = {
			isa = PBXSourcesBuildPhase;
			buildActionMask = 2147483647;
			files = (
				391BFE4020C68AD200B4EFEC /* MatrixUITests.swift in Sources */,
			);
			runOnlyForDeploymentPostprocessing = 0;
		};
/* End PBXSourcesBuildPhase section */

/* Begin PBXTargetDependency section */
		391BFE3220C68AD200B4EFEC /* PBXTargetDependency */ = {
			isa = PBXTargetDependency;
			target = 391BFE1A20C68AD100B4EFEC /* Seaglass */;
			targetProxy = 391BFE3120C68AD200B4EFEC /* PBXContainerItemProxy */;
		};
		391BFE3D20C68AD200B4EFEC /* PBXTargetDependency */ = {
			isa = PBXTargetDependency;
			target = 391BFE1A20C68AD100B4EFEC /* Seaglass */;
			targetProxy = 391BFE3C20C68AD200B4EFEC /* PBXContainerItemProxy */;
		};
/* End PBXTargetDependency section */

/* Begin PBXVariantGroup section */
		391BFE2720C68AD200B4EFEC /* Main.storyboard */ = {
			isa = PBXVariantGroup;
			children = (
				391BFE2820C68AD200B4EFEC /* Base */,
			);
			name = Main.storyboard;
			sourceTree = "<group>";
		};
/* End PBXVariantGroup section */

/* Begin XCBuildConfiguration section */
		391BFE4220C68AD200B4EFEC /* Debug */ = {
			isa = XCBuildConfiguration;
			buildSettings = {
				ALWAYS_SEARCH_USER_PATHS = NO;
				CLANG_ANALYZER_NONNULL = YES;
				CLANG_ANALYZER_NUMBER_OBJECT_CONVERSION = YES_AGGRESSIVE;
				CLANG_CXX_LANGUAGE_STANDARD = "gnu++14";
				CLANG_CXX_LIBRARY = "libc++";
				CLANG_ENABLE_MODULES = YES;
				CLANG_ENABLE_OBJC_ARC = YES;
				CLANG_ENABLE_OBJC_WEAK = YES;
				CLANG_WARN_BLOCK_CAPTURE_AUTORELEASING = YES;
				CLANG_WARN_BOOL_CONVERSION = YES;
				CLANG_WARN_COMMA = YES;
				CLANG_WARN_CONSTANT_CONVERSION = YES;
				CLANG_WARN_DEPRECATED_OBJC_IMPLEMENTATIONS = YES;
				CLANG_WARN_DIRECT_OBJC_ISA_USAGE = YES_ERROR;
				CLANG_WARN_DOCUMENTATION_COMMENTS = YES;
				CLANG_WARN_EMPTY_BODY = YES;
				CLANG_WARN_ENUM_CONVERSION = YES;
				CLANG_WARN_INFINITE_RECURSION = YES;
				CLANG_WARN_INT_CONVERSION = YES;
				CLANG_WARN_NON_LITERAL_NULL_CONVERSION = YES;
				CLANG_WARN_OBJC_IMPLICIT_RETAIN_SELF = YES;
				CLANG_WARN_OBJC_LITERAL_CONVERSION = YES;
				CLANG_WARN_OBJC_ROOT_CLASS = YES_ERROR;
				CLANG_WARN_RANGE_LOOP_ANALYSIS = YES;
				CLANG_WARN_STRICT_PROTOTYPES = YES;
				CLANG_WARN_SUSPICIOUS_MOVE = YES;
				CLANG_WARN_UNGUARDED_AVAILABILITY = YES_AGGRESSIVE;
				CLANG_WARN_UNREACHABLE_CODE = YES;
				CLANG_WARN__DUPLICATE_METHOD_MATCH = YES;
				CODE_SIGN_IDENTITY = "-";
				COPY_PHASE_STRIP = NO;
				DEBUG_INFORMATION_FORMAT = dwarf;
				ENABLE_STRICT_OBJC_MSGSEND = YES;
				ENABLE_TESTABILITY = YES;
				GCC_C_LANGUAGE_STANDARD = gnu11;
				GCC_DYNAMIC_NO_PIC = NO;
				GCC_NO_COMMON_BLOCKS = YES;
				GCC_OPTIMIZATION_LEVEL = 0;
				GCC_PREPROCESSOR_DEFINITIONS = (
					"DEBUG=1",
					"$(inherited)",
				);
				GCC_WARN_64_TO_32_BIT_CONVERSION = YES;
				GCC_WARN_ABOUT_RETURN_TYPE = YES_ERROR;
				GCC_WARN_UNDECLARED_SELECTOR = YES;
				GCC_WARN_UNINITIALIZED_AUTOS = YES_AGGRESSIVE;
				GCC_WARN_UNUSED_FUNCTION = YES;
				GCC_WARN_UNUSED_VARIABLE = YES;
				MACOSX_DEPLOYMENT_TARGET = 10.13;
				MTL_ENABLE_DEBUG_INFO = YES;
				ONLY_ACTIVE_ARCH = YES;
				SDKROOT = macosx;
				SWIFT_ACTIVE_COMPILATION_CONDITIONS = DEBUG;
				SWIFT_OPTIMIZATION_LEVEL = "-Onone";
			};
			name = Debug;
		};
		391BFE4320C68AD200B4EFEC /* Release */ = {
			isa = XCBuildConfiguration;
			buildSettings = {
				ALWAYS_SEARCH_USER_PATHS = NO;
				CLANG_ANALYZER_NONNULL = YES;
				CLANG_ANALYZER_NUMBER_OBJECT_CONVERSION = YES_AGGRESSIVE;
				CLANG_CXX_LANGUAGE_STANDARD = "gnu++14";
				CLANG_CXX_LIBRARY = "libc++";
				CLANG_ENABLE_MODULES = YES;
				CLANG_ENABLE_OBJC_ARC = YES;
				CLANG_ENABLE_OBJC_WEAK = YES;
				CLANG_WARN_BLOCK_CAPTURE_AUTORELEASING = YES;
				CLANG_WARN_BOOL_CONVERSION = YES;
				CLANG_WARN_COMMA = YES;
				CLANG_WARN_CONSTANT_CONVERSION = YES;
				CLANG_WARN_DEPRECATED_OBJC_IMPLEMENTATIONS = YES;
				CLANG_WARN_DIRECT_OBJC_ISA_USAGE = YES_ERROR;
				CLANG_WARN_DOCUMENTATION_COMMENTS = YES;
				CLANG_WARN_EMPTY_BODY = YES;
				CLANG_WARN_ENUM_CONVERSION = YES;
				CLANG_WARN_INFINITE_RECURSION = YES;
				CLANG_WARN_INT_CONVERSION = YES;
				CLANG_WARN_NON_LITERAL_NULL_CONVERSION = YES;
				CLANG_WARN_OBJC_IMPLICIT_RETAIN_SELF = YES;
				CLANG_WARN_OBJC_LITERAL_CONVERSION = YES;
				CLANG_WARN_OBJC_ROOT_CLASS = YES_ERROR;
				CLANG_WARN_RANGE_LOOP_ANALYSIS = YES;
				CLANG_WARN_STRICT_PROTOTYPES = YES;
				CLANG_WARN_SUSPICIOUS_MOVE = YES;
				CLANG_WARN_UNGUARDED_AVAILABILITY = YES_AGGRESSIVE;
				CLANG_WARN_UNREACHABLE_CODE = YES;
				CLANG_WARN__DUPLICATE_METHOD_MATCH = YES;
				CODE_SIGN_IDENTITY = "-";
				COPY_PHASE_STRIP = NO;
				DEBUG_INFORMATION_FORMAT = "dwarf-with-dsym";
				ENABLE_NS_ASSERTIONS = NO;
				ENABLE_STRICT_OBJC_MSGSEND = YES;
				GCC_C_LANGUAGE_STANDARD = gnu11;
				GCC_NO_COMMON_BLOCKS = YES;
				GCC_WARN_64_TO_32_BIT_CONVERSION = YES;
				GCC_WARN_ABOUT_RETURN_TYPE = YES_ERROR;
				GCC_WARN_UNDECLARED_SELECTOR = YES;
				GCC_WARN_UNINITIALIZED_AUTOS = YES_AGGRESSIVE;
				GCC_WARN_UNUSED_FUNCTION = YES;
				GCC_WARN_UNUSED_VARIABLE = YES;
				MACOSX_DEPLOYMENT_TARGET = 10.13;
				MTL_ENABLE_DEBUG_INFO = NO;
				SDKROOT = macosx;
				SWIFT_COMPILATION_MODE = wholemodule;
				SWIFT_OPTIMIZATION_LEVEL = "-O";
			};
			name = Release;
		};
		391BFE4520C68AD200B4EFEC /* Debug */ = {
			isa = XCBuildConfiguration;
			baseConfigurationReference = 4FCA0CA8A0649C0C842786C7 /* Pods-Seaglass.debug.xcconfig */;
			buildSettings = {
				ASSETCATALOG_COMPILER_APPICON_NAME = AppIcon;
				CODE_SIGN_STYLE = Automatic;
				COMBINE_HIDPI_IMAGES = YES;
				INFOPLIST_FILE = Seaglass/Info.plist;
				LD_RUNPATH_SEARCH_PATHS = (
					"$(inherited)",
					"@executable_path/../Frameworks",
				);
				PRODUCT_BUNDLE_IDENTIFIER = eu.neilalexander.seaglass;
				PRODUCT_NAME = "$(TARGET_NAME)";
				SWIFT_VERSION = 4.0;
			};
			name = Debug;
		};
		391BFE4620C68AD200B4EFEC /* Release */ = {
			isa = XCBuildConfiguration;
			baseConfigurationReference = 829EE2A1194544FD1F8C1870 /* Pods-Seaglass.release.xcconfig */;
			buildSettings = {
				ASSETCATALOG_COMPILER_APPICON_NAME = AppIcon;
				CODE_SIGN_STYLE = Automatic;
				COMBINE_HIDPI_IMAGES = YES;
				INFOPLIST_FILE = Seaglass/Info.plist;
				LD_RUNPATH_SEARCH_PATHS = (
					"$(inherited)",
					"@executable_path/../Frameworks",
				);
				PRODUCT_BUNDLE_IDENTIFIER = eu.neilalexander.seaglass;
				PRODUCT_NAME = "$(TARGET_NAME)";
				SWIFT_VERSION = 4.0;
			};
			name = Release;
		};
		391BFE4820C68AD200B4EFEC /* Debug */ = {
			isa = XCBuildConfiguration;
			buildSettings = {
				ALWAYS_EMBED_SWIFT_STANDARD_LIBRARIES = YES;
				BUNDLE_LOADER = "$(TEST_HOST)";
				CODE_SIGN_STYLE = Automatic;
				COMBINE_HIDPI_IMAGES = YES;
				INFOPLIST_FILE = MatrixTests/Info.plist;
				LD_RUNPATH_SEARCH_PATHS = (
					"$(inherited)",
					"@executable_path/../Frameworks",
					"@loader_path/../Frameworks",
				);
				PRODUCT_BUNDLE_IDENTIFIER = eu.neilalexander.MatrixTests;
				PRODUCT_NAME = "$(TARGET_NAME)";
				SWIFT_VERSION = 4.0;
				TEST_HOST = "$(BUILT_PRODUCTS_DIR)/Seaglass.app/Contents/MacOS/Seaglass";
			};
			name = Debug;
		};
		391BFE4920C68AD200B4EFEC /* Release */ = {
			isa = XCBuildConfiguration;
			buildSettings = {
				ALWAYS_EMBED_SWIFT_STANDARD_LIBRARIES = YES;
				BUNDLE_LOADER = "$(TEST_HOST)";
				CODE_SIGN_STYLE = Automatic;
				COMBINE_HIDPI_IMAGES = YES;
				INFOPLIST_FILE = MatrixTests/Info.plist;
				LD_RUNPATH_SEARCH_PATHS = (
					"$(inherited)",
					"@executable_path/../Frameworks",
					"@loader_path/../Frameworks",
				);
				PRODUCT_BUNDLE_IDENTIFIER = eu.neilalexander.MatrixTests;
				PRODUCT_NAME = "$(TARGET_NAME)";
				SWIFT_VERSION = 4.0;
				TEST_HOST = "$(BUILT_PRODUCTS_DIR)/Seaglass.app/Contents/MacOS/Seaglass";
			};
			name = Release;
		};
		391BFE4B20C68AD200B4EFEC /* Debug */ = {
			isa = XCBuildConfiguration;
			buildSettings = {
				ALWAYS_EMBED_SWIFT_STANDARD_LIBRARIES = YES;
				CODE_SIGN_STYLE = Automatic;
				COMBINE_HIDPI_IMAGES = YES;
				INFOPLIST_FILE = MatrixUITests/Info.plist;
				LD_RUNPATH_SEARCH_PATHS = (
					"$(inherited)",
					"@executable_path/../Frameworks",
					"@loader_path/../Frameworks",
				);
				PRODUCT_BUNDLE_IDENTIFIER = eu.neilalexander.MatrixUITests;
				PRODUCT_NAME = "$(TARGET_NAME)";
				SWIFT_VERSION = 4.0;
				TEST_TARGET_NAME = Matrix;
			};
			name = Debug;
		};
		391BFE4C20C68AD200B4EFEC /* Release */ = {
			isa = XCBuildConfiguration;
			buildSettings = {
				ALWAYS_EMBED_SWIFT_STANDARD_LIBRARIES = YES;
				CODE_SIGN_STYLE = Automatic;
				COMBINE_HIDPI_IMAGES = YES;
				INFOPLIST_FILE = MatrixUITests/Info.plist;
				LD_RUNPATH_SEARCH_PATHS = (
					"$(inherited)",
					"@executable_path/../Frameworks",
					"@loader_path/../Frameworks",
				);
				PRODUCT_BUNDLE_IDENTIFIER = eu.neilalexander.MatrixUITests;
				PRODUCT_NAME = "$(TARGET_NAME)";
				SWIFT_VERSION = 4.0;
				TEST_TARGET_NAME = Matrix;
			};
			name = Release;
		};
/* End XCBuildConfiguration section */

/* Begin XCConfigurationList section */
		391BFE1620C68AD100B4EFEC /* Build configuration list for PBXProject "Seaglass" */ = {
			isa = XCConfigurationList;
			buildConfigurations = (
				391BFE4220C68AD200B4EFEC /* Debug */,
				391BFE4320C68AD200B4EFEC /* Release */,
			);
			defaultConfigurationIsVisible = 0;
			defaultConfigurationName = Release;
		};
		391BFE4420C68AD200B4EFEC /* Build configuration list for PBXNativeTarget "Seaglass" */ = {
			isa = XCConfigurationList;
			buildConfigurations = (
				391BFE4520C68AD200B4EFEC /* Debug */,
				391BFE4620C68AD200B4EFEC /* Release */,
			);
			defaultConfigurationIsVisible = 0;
			defaultConfigurationName = Release;
		};
		391BFE4720C68AD200B4EFEC /* Build configuration list for PBXNativeTarget "SeaglassTests" */ = {
			isa = XCConfigurationList;
			buildConfigurations = (
				391BFE4820C68AD200B4EFEC /* Debug */,
				391BFE4920C68AD200B4EFEC /* Release */,
			);
			defaultConfigurationIsVisible = 0;
			defaultConfigurationName = Release;
		};
		391BFE4A20C68AD200B4EFEC /* Build configuration list for PBXNativeTarget "SeaglassUITests" */ = {
			isa = XCConfigurationList;
			buildConfigurations = (
				391BFE4B20C68AD200B4EFEC /* Debug */,
				391BFE4C20C68AD200B4EFEC /* Release */,
			);
			defaultConfigurationIsVisible = 0;
			defaultConfigurationName = Release;
		};
/* End XCConfigurationList section */

/* Begin XCVersionGroup section */
		391BFE2220C68AD100B4EFEC /* Seaglass.xcdatamodeld */ = {
			isa = XCVersionGroup;
			children = (
				391BFE2320C68AD100B4EFEC /* Matrix.xcdatamodel */,
			);
			currentVersion = 391BFE2320C68AD100B4EFEC /* Matrix.xcdatamodel */;
			path = Seaglass.xcdatamodeld;
			sourceTree = "<group>";
			versionGroupType = wrapper.xcdatamodel;
		};
/* End XCVersionGroup section */
	};
	rootObject = 391BFE1320C68AD100B4EFEC /* Project object */;
}
